
Microsoft Visual Studio Solution File, Format Version 12.00
# Visual Studio Version 17
VisualStudioVersion = 17.9.34728.123
MinimumVisualStudioVersion = 10.0.40219.1
Project("{FAE04EC0-301F-11D3-BF4B-00C04F79EFBC}") = "VegetableShoppingCart", "VegetableShoppingCart\VegetableShoppingCart.csproj", "{18B22168-C173-4950-B63E-0D15C2EA2114}"
EndProject
Global
	GlobalSection(SolutionConfigurationPlatforms) = preSolution
		Debug|Any CPU = Debug|Any CPU
		Release|Any CPU = Release|Any CPU
	EndGlobalSection
	GlobalSection(ProjectConfigurationPlatforms) = postSolution
		{18B22168-C173-4950-B63E-0D15C2EA2114}.Debug|Any CPU.ActiveCfg = Debug|Any CPU
		{18B22168-C173-4950-B63E-0D15C2EA2114}.Debug|Any CPU.Build.0 = Debug|Any CPU
		{18B22168-C173-4950-B63E-0D15C2EA2114}.Release|Any CPU.ActiveCfg = Release|Any CPU
		{18B22168-C173-4950-B63E-0D15C2EA2114}.Release|Any CPU.Build.0 = Release|Any CPU
	EndGlobalSection
	GlobalSection(SolutionProperties) = preSolution
		HideSolutionNode = FALSE
	EndGlobalSection
	GlobalSection(ExtensibilityGlobals) = postSolution
		SolutionGuid = {00C2418E-206D-434F-814C-C601725D9B73}
	EndGlobalSection
EndGlobal
